{
  "name": "rattrapage-web2",
  "lockfileVersion": 3,
  "requires": true,
  "packages": {
    "": {
      "dependencies": {
        "material-symbols": "^0.47.6"
      }
    },
    "node_modules/material-symbols": {
      "version": "0.47.6",
      "resolved": "https://registry.npmjs.org/material-symbols/-/material-symbols-0.47.6.tgz",
      "integrity": "sha512-+W09H5h13mk/+xyVAQoZPWCubIQU20QRzNlyc1Bt9gaFqWnO+P6NnexfNH2D2EXvB4kAn8A7BMhEJ8qBCNvRkQ==",
      "license": "Apache-2.0"
    }
  }
}
